
Microsoft Visual Studio Solution File, Format Version 12.00
# Visual Studio 15
VisualStudioVersion = 15.0.26124.0
MinimumVisualStudioVersion = 15.0.26124.0
Project("{FAE04EC0-301F-11D3-BF4B-00C04F79EFBC}") = "AnimatedSpriteGenerator", "AnimatedSpriteGenerator\AnimatedSpriteGenerator.csproj", "{946E6D0A-C866-40A2-9225-78787FE1D6F0}"
EndProject
Global
	GlobalSection(SolutionConfigurationPlatforms) = preSolution
		Debug|Any CPU = Debug|Any CPU
		Release|Any CPU = Release|Any CPU
	EndGlobalSection
	GlobalSection(SolutionProperties) = preSolution
		HideSolutionNode = FALSE
	EndGlobalSection
	GlobalSection(ProjectConfigurationPlatforms) = postSolution
		{946E6D0A-C866-40A2-9225-78787FE1D6F0}.Debug|Any CPU.ActiveCfg = Debug|Any CPU
		{946E6D0A-C866-40A2-9225-78787FE1D6F0}.Debug|Any CPU.Build.0 = Debug|Any CPU
		{946E6D0A-C866-40A2-9225-78787FE1D6F0}.Release|Any CPU.ActiveCfg = Release|Any CPU
		{946E6D0A-C866-40A2-9225-78787FE1D6F0}.Release|Any CPU.Build.0 = Release|Any CPU
	EndGlobalSection
EndGlobal
